# This file is automatically @generated by Cargo.
# It is not intended for manual editing.
version = 4

[[package]]
name = "accesskit"
version = "0.25.1"
source = "registry+https://github.com/rust-lang/crates.io-index"
checksum = "ad442f58ee04714aaa0ba0a2768c1ea1935b29507bb22ddece8cbbc76db02932"
dependencies = [
 "uuid",
]

[[package]]
name = "accesskit-tree"
version = "0.0.0"
dependencies = [
 "accesskit",
]

[[package]]
name = "uuid"
version = "1.26.1"
source = "registry+https://github.com/rust-lang/crates.io-index"
checksum = "2ef6dac1e96601b4fb3acccccff2139741fcb757cb9a36089bf5be91cfb285ce"
